// !$*UTF8*$!
{
	archiveVersion = 1;
	classes = {
	};
	objectVersion = 46;
	objects = {

/* Begin PBXBuildFile section */
		EA07C27C13FCCD59001BE15E /* main.m in Sources */ = {isa = PBXBuildFile; fileRef = EAE8B5E213DB208A005624FC /* main.m */; };
		EA07C27F13FCCD59001BE15E /* Cocoa.framework in Frameworks */ = {isa = PBXBuildFile; fileRef = EAE8B5D713DB208A005624FC /* Cocoa.framework */; };
		EA07C28013FCCD59001BE15E /* MacRuby.framework in Frameworks */ = {isa = PBXBuildFile; fileRef = EAE8B5D913DB208A005624FC /* MacRuby.framework */; };
		EA07C28213FCCD59001BE15E /* InfoPlist.strings in Resources */ = {isa = PBXBuildFile; fileRef = EAE8B5DF13DB208A005624FC /* InfoPlist.strings */; };
		EA07C28313FCCD59001BE15E /* MainMenu.xib in Resources */ = {isa = PBXBuildFile; fileRef = EAE8B5E613DB208A005624FC /* MainMenu.xib */; };
		EA07C28413FCCD59001BE15E /* rb_main.rb in Resources */ = {isa = PBXBuildFile; fileRef = EAE8B5EA13DB208A005624FC /* rb_main.rb */; };
		EA07C28513FCCD59001BE15E /* AppDelegate.rb in Resources */ = {isa = PBXBuildFile; fileRef = EAE8B5EC13DB208A005624FC /* AppDelegate.rb */; };
		EA07C28613FCCD59001BE15E /* Controller.rb in Resources */ = {isa = PBXBuildFile; fileRef = EA380C2B13E102C9004EC017 /* Controller.rb */; };
		EA380C2C13E102C9004EC017 /* Controller.rb in Resources */ = {isa = PBXBuildFile; fileRef = EA380C2B13E102C9004EC017 /* Controller.rb */; };
		EA4FE13D141487C900BB5B90 /* Icon.icns in Resources */ = {isa = PBXBuildFile; fileRef = EA4FE13C141487C900BB5B90 /* Icon.icns */; };
		EA4FE13E141487C900BB5B90 /* Icon.icns in Resources */ = {isa = PBXBuildFile; fileRef = EA4FE13C141487C900BB5B90 /* Icon.icns */; };
		EA8C604713FCD42D00FCA9C4 /* Controller.m in Sources */ = {isa = PBXBuildFile; fileRef = EA8BA93813FCC46300CC1BB1 /* Controller.m */; };
		EAE8B5D813DB208A005624FC /* Cocoa.framework in Frameworks */ = {isa = PBXBuildFile; fileRef = EAE8B5D713DB208A005624FC /* Cocoa.framework */; };
		EAE8B5DA13DB208A005624FC /* MacRuby.framework in Frameworks */ = {isa = PBXBuildFile; fileRef = EAE8B5D913DB208A005624FC /* MacRuby.framework */; };
		EAE8B5E113DB208A005624FC /* InfoPlist.strings in Resources */ = {isa = PBXBuildFile; fileRef = EAE8B5DF13DB208A005624FC /* InfoPlist.strings */; };
		EAE8B5E313DB208A005624FC /* main.m in Sources */ = {isa = PBXBuildFile; fileRef = EAE8B5E213DB208A005624FC /* main.m */; };
		EAE8B5E813DB208A005624FC /* MainMenu.xib in Resources */ = {isa = PBXBuildFile; fileRef = EAE8B5E613DB208A005624FC /* MainMenu.xib */; };
		EAE8B5EB13DB208A005624FC /* rb_main.rb in Resources */ = {isa = PBXBuildFile; fileRef = EAE8B5EA13DB208A005624FC /* rb_main.rb */; };
		EAE8B5ED13DB208A005624FC /* AppDelegate.rb in Resources */ = {isa = PBXBuildFile; fileRef = EAE8B5EC13DB208A005624FC /* AppDelegate.rb */; };
/* End PBXBuildFile section */

/* Begin PBXFileReference section */
		EA07C28A13FCCD59001BE15E /* RegexpHelper copy.app */ = {isa = PBXFileReference; explicitFileType = wrapper.application; includeInIndex = 0; path = "RegexpHelper copy.app"; sourceTree = BUILT_PRODUCTS_DIR; };
		EA07C28C13FCCD5A001BE15E /* RegexpHelper copy-Info.plist */ = {isa = PBXFileReference; lastKnownFileType = text.plist.xml; name = "RegexpHelper copy-Info.plist"; path = "/Users/gfoster/projects/Xcode/RegexpHelper/RegexpHelper copy-Info.plist"; sourceTree = "<absolute>"; };
		EA380C2B13E102C9004EC017 /* Controller.rb */ = {isa = PBXFileReference; fileEncoding = 4; lastKnownFileType = text.script.ruby; path = Controller.rb; sourceTree = "<group>"; };
		EA4FE13C141487C900BB5B90 /* Icon.icns */ = {isa = PBXFileReference; lastKnownFileType = image.icns; path = Icon.icns; sourceTree = "<group>"; };
		EA8BA93713FCC46300CC1BB1 /* Controller.h */ = {isa = PBXFileReference; fileEncoding = 4; lastKnownFileType = sourcecode.c.h; path = Controller.h; sourceTree = "<group>"; };
		EA8BA93813FCC46300CC1BB1 /* Controller.m */ = {isa = PBXFileReference; fileEncoding = 4; lastKnownFileType = sourcecode.c.objc; path = Controller.m; sourceTree = "<group>"; };
		EAE8B5D313DB208A005624FC /* RegexpHelper.app */ = {isa = PBXFileReference; explicitFileType = wrapper.application; includeInIndex = 0; path = RegexpHelper.app; sourceTree = BUILT_PRODUCTS_DIR; };
		EAE8B5D713DB208A005624FC /* Cocoa.framework */ = {isa = PBXFileReference; lastKnownFileType = wrapper.framework; name = Cocoa.framework; path = System/Library/Frameworks/Cocoa.framework; sourceTree = SDKROOT; };
		EAE8B5D913DB208A005624FC /* MacRuby.framework */ = {isa = PBXFileReference; lastKnownFileType = wrapper.framework; name = MacRuby.framework; path = Library/Frameworks/MacRuby.framework; sourceTree = DEVELOPER_DIR; };
		EAE8B5DE13DB208A005624FC /* RegexpHelper-Info.plist */ = {isa = PBXFileReference; lastKnownFileType = text.plist.xml; path = "RegexpHelper-Info.plist"; sourceTree = "<group>"; };
		EAE8B5E013DB208A005624FC /* en */ = {isa = PBXFileReference; lastKnownFileType = text.plist.strings; name = en; path = en.lproj/InfoPlist.strings; sourceTree = "<group>"; };
		EAE8B5E213DB208A005624FC /* main.m */ = {isa = PBXFileReference; lastKnownFileType = sourcecode.c.objc; path = main.m; sourceTree = "<group>"; };
		EAE8B5E413DB208A005624FC /* RegexpHelper-Prefix.pch */ = {isa = PBXFileReference; lastKnownFileType = sourcecode.c.h; path = "RegexpHelper-Prefix.pch"; sourceTree = "<group>"; };
		EAE8B5E713DB208A005624FC /* en */ = {isa = PBXFileReference; lastKnownFileType = file.xib; name = en; path = en.lproj/MainMenu.xib; sourceTree = "<group>"; };
		EAE8B5EA13DB208A005624FC /* rb_main.rb */ = {isa = PBXFileReference; lastKnownFileType = text.script.ruby; path = rb_main.rb; sourceTree = "<group>"; };
		EAE8B5EC13DB208A005624FC /* AppDelegate.rb */ = {isa = PBXFileReference; lastKnownFileType = text.script.ruby; path = AppDelegate.rb; sourceTree = "<group>"; };
/* End PBXFileReference section */

/* Begin PBXFrameworksBuildPhase section */
		EA07C27E13FCCD59001BE15E /* Frameworks */ = {
			isa = PBXFrameworksBuildPhase;
			buildActionMask = 2147483647;
			files = (
				EA07C27F13FCCD59001BE15E /* Cocoa.framework in Frameworks */,
				EA07C28013FCCD59001BE15E /* MacRuby.framework in Frameworks */,
			);
			runOnlyForDeploymentPostprocessing = 0;
		};
		EAE8B5D013DB208A005624FC /* Frameworks */ = {
			isa = PBXFrameworksBuildPhase;
			buildActionMask = 2147483647;
			files = (
				EAE8B5D813DB208A005624FC /* Cocoa.framework in Frameworks */,
				EAE8B5DA13DB208A005624FC /* MacRuby.framework in Frameworks */,
			);
			runOnlyForDeploymentPostprocessing = 0;
		};
/* End PBXFrameworksBuildPhase section */

/* Begin PBXGroup section */
		EAE8B5C813DB208A005624FC = {
			isa = PBXGroup;
			children = (
				EAE8B5DC13DB208A005624FC /* RegexpHelper */,
				EAE8B5D613DB208A005624FC /* Frameworks */,
				EAE8B5D413DB208A005624FC /* Products */,
				EA07C28C13FCCD5A001BE15E /* RegexpHelper copy-Info.plist */,
			);
			sourceTree = "<group>";
		};
		EAE8B5D413DB208A005624FC /* Products */ = {
			isa = PBXGroup;
			children = (
				EAE8B5D313DB208A005624FC /* RegexpHelper.app */,
				EA07C28A13FCCD59001BE15E /* RegexpHelper copy.app */,
			);
			name = Products;
			sourceTree = "<group>";
		};
		EAE8B5D613DB208A005624FC /* Frameworks */ = {
			isa = PBXGroup;
			children = (
				EAE8B5D713DB208A005624FC /* Cocoa.framework */,
				EAE8B5D913DB208A005624FC /* MacRuby.framework */,
			);
			name = Frameworks;
			sourceTree = "<group>";
		};
		EAE8B5DC13DB208A005624FC /* RegexpHelper */ = {
			isa = PBXGroup;
			children = (
				EA380C2B13E102C9004EC017 /* Controller.rb */,
				EAE8B5EC13DB208A005624FC /* AppDelegate.rb */,
				EAE8B5EA13DB208A005624FC /* rb_main.rb */,
				EAE8B5E513DB208A005624FC /* Resources */,
				EAE8B5E913DB208A005624FC /* Other Sources */,
				EAE8B5DD13DB208A005624FC /* Supporting Files */,
			);
			path = RegexpHelper;
			sourceTree = "<group>";
		};
		EAE8B5DD13DB208A005624FC /* Supporting Files */ = {
			isa = PBXGroup;
			children = (
				EAE8B5DE13DB208A005624FC /* RegexpHelper-Info.plist */,
				EAE8B5DF13DB208A005624FC /* InfoPlist.strings */,
				EAE8B5E213DB208A005624FC /* main.m */,
				EAE8B5E413DB208A005624FC /* RegexpHelper-Prefix.pch */,
			);
			name = "Supporting Files";
			sourceTree = "<group>";
		};
		EAE8B5E513DB208A005624FC /* Resources */ = {
			isa = PBXGroup;
			children = (
				EA4FE13C141487C900BB5B90 /* Icon.icns */,
				EAE8B5E613DB208A005624FC /* MainMenu.xib */,
			);
			name = Resources;
			sourceTree = "<group>";
		};
		EAE8B5E913DB208A005624FC /* Other Sources */ = {
			isa = PBXGroup;
			children = (
				EA8BA93813FCC46300CC1BB1 /* Controller.m */,
				EA8BA93713FCC46300CC1BB1 /* Controller.h */,
			);
			name = "Other Sources";
			sourceTree = "<group>";
		};
/* End PBXGroup section */

/* Begin PBXLegacyTarget section */
		EAE8B5DB13DB208A005624FC /* Deployment */ = {
			isa = PBXLegacyTarget;
			buildArgumentsString = "--compile --embed";
			buildConfigurationList = EAE8B5F313DB208A005624FC /* Build configuration list for PBXLegacyTarget "Deployment" */;
			buildPhases = (
			);
			buildToolPath = /usr/local/bin/macruby_deploy;
			dependencies = (
			);
			name = Deployment;
			passBuildSettingsInEnvironment = 1;
			productName = Deployment;
		};
/* End PBXLegacyTarget section */

/* Begin PBXNativeTarget section */
		EA07C27A13FCCD59001BE15E /* Workaround */ = {
			isa = PBXNativeTarget;
			buildConfigurationList = EA07C28713FCCD59001BE15E /* Build configuration list for PBXNativeTarget "Workaround" */;
			buildPhases = (
				EA07C27B13FCCD59001BE15E /* Sources */,
				EA07C27E13FCCD59001BE15E /* Frameworks */,
				EA07C28113FCCD59001BE15E /* Resources */,
			);
			buildRules = (
			);
			dependencies = (
			);
			name = Workaround;
			productName = RegexpHelper;
			productReference = EA07C28A13FCCD59001BE15E /* RegexpHelper copy.app */;
			productType = "com.apple.product-type.application";
		};
		EAE8B5D213DB208A005624FC /* RegexpHelper */ = {
			isa = PBXNativeTarget;
			buildConfigurationList = EAE8B5F013DB208A005624FC /* Build configuration list for PBXNativeTarget "RegexpHelper" */;
			buildPhases = (
				EAE8B5CF13DB208A005624FC /* Sources */,
				EAE8B5D013DB208A005624FC /* Frameworks */,
				EAE8B5D113DB208A005624FC /* Resources */,
			);
			buildRules = (
			);
			dependencies = (
			);
			name = RegexpHelper;
			productName = RegexpHelper;
			productReference = EAE8B5D313DB208A005624FC /* RegexpHelper.app */;
			productType = "com.apple.product-type.application";
		};
/* End PBXNativeTarget section */

/* Begin PBXProject section */
		EAE8B5CA13DB208A005624FC /* Project object */ = {
			isa = PBXProject;
			buildConfigurationList = EAE8B5CD13DB208A005624FC /* Build configuration list for PBXProject "RegexpHelper" */;
			compatibilityVersion = "Xcode 3.2";
			developmentRegion = English;
			hasScannedForEncodings = 0;
			knownRegions = (
				en,
			);
			mainGroup = EAE8B5C813DB208A005624FC;
			productRefGroup = EAE8B5D413DB208A005624FC /* Products */;
			projectDirPath = "";
			projectRoot = "";
			targets = (
				EAE8B5D213DB208A005624FC /* RegexpHelper */,
				EA07C27A13FCCD59001BE15E /* Workaround */,
				EAE8B5DB13DB208A005624FC /* Deployment */,
			);
		};
/* End PBXProject section */

/* Begin PBXResourcesBuildPhase section */
		EA07C28113FCCD59001BE15E /* Resources */ = {
			isa = PBXResourcesBuildPhase;
			buildActionMask = 2147483647;
			files = (
				EA07C28213FCCD59001BE15E /* InfoPlist.strings in Resources */,
				EA07C28313FCCD59001BE15E /* MainMenu.xib in Resources */,
				EA07C28413FCCD59001BE15E /* rb_main.rb in Resources */,
				EA07C28513FCCD59001BE15E /* AppDelegate.rb in Resources */,
				EA07C28613FCCD59001BE15E /* Controller.rb in Resources */,
				EA4FE13E141487C900BB5B90 /* Icon.icns in Resources */,
			);
			runOnlyForDeploymentPostprocessing = 0;
		};
		EAE8B5D113DB208A005624FC /* Resources */ = {
			isa = PBXResourcesBuildPhase;
			buildActionMask = 2147483647;
			files = (
				EAE8B5E113DB208A005624FC /* InfoPlist.strings in Resources */,
				EAE8B5E813DB208A005624FC /* MainMenu.xib in Resources */,
				EAE8B5EB13DB208A005624FC /* rb_main.rb in Resources */,
				EAE8B5ED13DB208A005624FC /* AppDelegate.rb in Resources */,
				EA380C2C13E102C9004EC017 /* Controller.rb in Resources */,
				EA4FE13D141487C900BB5B90 /* Icon.icns in Resources */,
			);
			runOnlyForDeploymentPostprocessing = 0;
		};
/* End PBXResourcesBuildPhase section */

/* Begin PBXSourcesBuildPhase section */
		EA07C27B13FCCD59001BE15E /* Sources */ = {
			isa = PBXSourcesBuildPhase;
			buildActionMask = 2147483647;
			files = (
				EA07C27C13FCCD59001BE15E /* main.m in Sources */,
				EA8C604713FCD42D00FCA9C4 /* Controller.m in Sources */,
			);
			runOnlyForDeploymentPostprocessing = 0;
		};
		EAE8B5CF13DB208A005624FC /* Sources */ = {
			isa = PBXSourcesBuildPhase;
			buildActionMask = 2147483647;
			files = (
				EAE8B5E313DB208A005624FC /* main.m in Sources */,
			);
			runOnlyForDeploymentPostprocessing = 0;
		};
/* End PBXSourcesBuildPhase section */

/* Begin PBXVariantGroup section */
		EAE8B5DF13DB208A005624FC /* InfoPlist.strings */ = {
			isa = PBXVariantGroup;
			children = (
				EAE8B5E013DB208A005624FC /* en */,
			);
			name = InfoPlist.strings;
			sourceTree = "<group>";
		};
		EAE8B5E613DB208A005624FC /* MainMenu.xib */ = {
			isa = PBXVariantGroup;
			children = (
				EAE8B5E713DB208A005624FC /* en */,
			);
			name = MainMenu.xib;
			sourceTree = "<group>";
		};
/* End PBXVariantGroup section */

/* Begin XCBuildConfiguration section */
		EA07C28813FCCD59001BE15E /* Debug */ = {
			isa = XCBuildConfiguration;
			buildSettings = {
				FRAMEWORK_SEARCH_PATHS = (
					"$(inherited)",
					"\"$(DEVELOPER_FRAMEWORKS_DIR)\"",
				);
				GCC_ENABLE_OBJC_GC = required;
				GCC_PRECOMPILE_PREFIX_HEADER = YES;
				GCC_PREFIX_HEADER = "RegexpHelper/RegexpHelper-Prefix.pch";
				INFOPLIST_FILE = "RegexpHelper copy-Info.plist";
				MACOSX_DEPLOYMENT_TARGET = 10.6;
				PRODUCT_NAME = "RegexpHelper copy";
				WRAPPER_EXTENSION = app;
			};
			name = Debug;
		};
		EA07C28913FCCD59001BE15E /* Release */ = {
			isa = XCBuildConfiguration;
			buildSettings = {
				FRAMEWORK_SEARCH_PATHS = (
					"$(inherited)",
					"\"$(DEVELOPER_FRAMEWORKS_DIR)\"",
				);
				GCC_ENABLE_OBJC_GC = required;
				GCC_PRECOMPILE_PREFIX_HEADER = YES;
				GCC_PREFIX_HEADER = "RegexpHelper/RegexpHelper-Prefix.pch";
				INFOPLIST_FILE = "RegexpHelper copy-Info.plist";
				MACOSX_DEPLOYMENT_TARGET = 10.6;
				PRODUCT_NAME = "RegexpHelper copy";
				WRAPPER_EXTENSION = app;
			};
			name = Release;
		};
		EAE8B5EE13DB208A005624FC /* Debug */ = {
			isa = XCBuildConfiguration;
			buildSettings = {
				ALWAYS_SEARCH_USER_PATHS = NO;
				ARCHS = "$(ARCHS_STANDARD_64_BIT)";
				COPY_PHASE_STRIP = NO;
				GCC_C_LANGUAGE_STANDARD = gnu99;
				GCC_DYNAMIC_NO_PIC = NO;
				GCC_ENABLE_OBJC_EXCEPTIONS = YES;
				GCC_OPTIMIZATION_LEVEL = 0;
				GCC_PREPROCESSOR_DEFINITIONS = (
					"DEBUG=1",
					"$(inherited)",
				);
				GCC_SYMBOLS_PRIVATE_EXTERN = NO;
				GCC_VERSION = com.apple.compilers.llvm.clang.1_0;
				GCC_WARN_64_TO_32_BIT_CONVERSION = YES;
				GCC_WARN_ABOUT_MISSING_PROTOTYPES = YES;
				GCC_WARN_ABOUT_RETURN_TYPE = YES;
				GCC_WARN_UNUSED_VARIABLE = YES;
				MACOSX_DEPLOYMENT_TARGET = 10.6;
				ONLY_ACTIVE_ARCH = YES;
				SDKROOT = macosx10.6;
				VALID_ARCHS = x86_64;
			};
			name = Debug;
		};
		EAE8B5EF13DB208A005624FC /* Release */ = {
			isa = XCBuildConfiguration;
			buildSettings = {
				ALWAYS_SEARCH_USER_PATHS = NO;
				ARCHS = "$(ARCHS_STANDARD_64_BIT)";
				COPY_PHASE_STRIP = YES;
				DEBUG_INFORMATION_FORMAT = "dwarf-with-dsym";
				GCC_C_LANGUAGE_STANDARD = gnu99;
				GCC_ENABLE_OBJC_EXCEPTIONS = YES;
				GCC_VERSION = com.apple.compilers.llvm.clang.1_0;
				GCC_WARN_64_TO_32_BIT_CONVERSION = YES;
				GCC_WARN_ABOUT_MISSING_PROTOTYPES = YES;
				GCC_WARN_ABOUT_RETURN_TYPE = YES;
				GCC_WARN_UNUSED_VARIABLE = YES;
				MACOSX_DEPLOYMENT_TARGET = 10.6;
				SDKROOT = macosx10.6;
				VALID_ARCHS = x86_64;
			};
			name = Release;
		};
		EAE8B5F113DB208A005624FC /* Debug */ = {
			isa = XCBuildConfiguration;
			buildSettings = {
				FRAMEWORK_SEARCH_PATHS = (
					"$(inherited)",
					"\"$(DEVELOPER_FRAMEWORKS_DIR)\"",
				);
				GCC_ENABLE_OBJC_GC = required;
				GCC_PRECOMPILE_PREFIX_HEADER = YES;
				GCC_PREFIX_HEADER = "RegexpHelper/RegexpHelper-Prefix.pch";
				INFOPLIST_FILE = "RegexpHelper/RegexpHelper-Info.plist";
				MACOSX_DEPLOYMENT_TARGET = 10.6;
				PRODUCT_NAME = "$(TARGET_NAME)";
				WRAPPER_EXTENSION = app;
			};
			name = Debug;
		};
		EAE8B5F213DB208A005624FC /* Release */ = {
			isa = XCBuildConfiguration;
			buildSettings = {
				FRAMEWORK_SEARCH_PATHS = (
					"$(inherited)",
					"\"$(DEVELOPER_FRAMEWORKS_DIR)\"",
				);
				GCC_ENABLE_OBJC_GC = required;
				GCC_PRECOMPILE_PREFIX_HEADER = YES;
				GCC_PREFIX_HEADER = "RegexpHelper/RegexpHelper-Prefix.pch";
				INFOPLIST_FILE = "RegexpHelper/RegexpHelper-Info.plist";
				MACOSX_DEPLOYMENT_TARGET = 10.6;
				PRODUCT_NAME = "$(TARGET_NAME)";
				WRAPPER_EXTENSION = app;
			};
			name = Release;
		};
		EAE8B5F413DB208A005624FC /* Debug */ = {
			isa = XCBuildConfiguration;
			buildSettings = {
				MACOSX_DEPLOYMENT_TARGET = 10.6;
			};
			name = Debug;
		};
		EAE8B5F513DB208A005624FC /* Release */ = {
			isa = XCBuildConfiguration;
			buildSettings = {
				MACOSX_DEPLOYMENT_TARGET = 10.6;
			};
			name = Release;
		};
/* End XCBuildConfiguration section */

/* Begin XCConfigurationList section */
		EA07C28713FCCD59001BE15E /* Build configuration list for PBXNativeTarget "Workaround" */ = {
			isa = XCConfigurationList;
			buildConfigurations = (
				EA07C28813FCCD59001BE15E /* Debug */,
				EA07C28913FCCD59001BE15E /* Release */,
			);
			defaultConfigurationIsVisible = 0;
			defaultConfigurationName = Release;
		};
		EAE8B5CD13DB208A005624FC /* Build configuration list for PBXProject "RegexpHelper" */ = {
			isa = XCConfigurationList;
			buildConfigurations = (
				EAE8B5EE13DB208A005624FC /* Debug */,
				EAE8B5EF13DB208A005624FC /* Release */,
			);
			defaultConfigurationIsVisible = 0;
			defaultConfigurationName = Release;
		};
		EAE8B5F013DB208A005624FC /* Build configuration list for PBXNativeTarget "RegexpHelper" */ = {
			isa = XCConfigurationList;
			buildConfigurations = (
				EAE8B5F113DB208A005624FC /* Debug */,
				EAE8B5F213DB208A005624FC /* Release */,
			);
			defaultConfigurationIsVisible = 0;
			defaultConfigurationName = Release;
		};
		EAE8B5F313DB208A005624FC /* Build configuration list for PBXLegacyTarget "Deployment" */ = {
			isa = XCConfigurationList;
			buildConfigurations = (
				EAE8B5F413DB208A005624FC /* Debug */,
				EAE8B5F513DB208A005624FC /* Release */,
			);
			defaultConfigurationIsVisible = 0;
			defaultConfigurationName = Release;
		};
/* End XCConfigurationList section */
	};
	rootObject = EAE8B5CA13DB208A005624FC /* Project object */;
}
